
Microsoft Visual Studio Solution File, Format Version 12.00
# Visual Studio Version 17
VisualStudioVersion = 17.0.32014.148
MinimumVisualStudioVersion = 10.0.40219.1
Project("{FAE04EC0-301F-11D3-BF4B-00C04F79EFBC}") = "Asinc", "Asinc\Asinc.csproj", "{FC470B40-78E3-4DBE-9DE8-1C47F504AE22}"
EndProject
Global
	GlobalSection(SolutionConfigurationPlatforms) = preSolution
		Debug|Any CPU = Debug|Any CPU
		Release|Any CPU = Release|Any CPU
	EndGlobalSection
	GlobalSection(ProjectConfigurationPlatforms) = postSolution
		{FC470B40-78E3-4DBE-9DE8-1C47F504AE22}.Debug|Any CPU.ActiveCfg = Debug|Any CPU
		{FC470B40-78E3-4DBE-9DE8-1C47F504AE22}.Debug|Any CPU.Build.0 = Debug|Any CPU
		{FC470B40-78E3-4DBE-9DE8-1C47F504AE22}.Release|Any CPU.ActiveCfg = Release|Any CPU
		{FC470B40-78E3-4DBE-9DE8-1C47F504AE22}.Release|Any CPU.Build.0 = Release|Any CPU
	EndGlobalSection
	GlobalSection(SolutionProperties) = preSolution
		HideSolutionNode = FALSE
	EndGlobalSection
	GlobalSection(ExtensibilityGlobals) = postSolution
		SolutionGuid = {E371C9CB-6D40-4F97-AEB6-7FC7AF11A27B}
	EndGlobalSection
EndGlobal
